// !$*UTF8*$!
{
	archiveVersion = 1;
	classes = {
	};
	objectVersion = 77;
	objects = {

/* Begin PBXBuildFile section */
		B51753FB2E92890900422EAE /* FirebaseAnalyticsCore in Frameworks */ = {isa = PBXBuildFile; productRef = B51753FA2E92890900422EAE /* FirebaseAnalyticsCore */; };
		B51753FD2E92890900422EAE /* FirebaseCrashlytics in Frameworks */ = {isa = PBXBuildFile; productRef = B51753FC2E92890900422EAE /* FirebaseCrashlytics */; };
		B537C2E92EA0039A006D23FB /* Toast in Frameworks */ = {isa = PBXBuildFile; productRef = B537C2E82EA0039A006D23FB /* Toast */; };
		B537C6682EAE4DB7006D23FB /* FirebaseMessaging in Frameworks */ = {isa = PBXBuildFile; productRef = B537C6672EAE4DB7006D23FB /* FirebaseMessaging */; };
		B574AB132E89CB3A00D8AA58 /* .gitignore in Resources */ = {isa = PBXBuildFile; fileRef = B574AB122E89CB3A00D8AA58 /* .gitignore */; };
		B574AB2E2E89CF9500D8AA58 /* RealmSwift in Frameworks */ = {isa = PBXBuildFile; productRef = B574AB2D2E89CF9500D8AA58 /* RealmSwift */; };
		B574AB312E89D05500D8AA58 /* SnapKit in Frameworks */ = {isa = PBXBuildFile; productRef = B574AB302E89D05500D8AA58 /* SnapKit */; };
		B574AB342E89D06300D8AA58 /* Alamofire in Frameworks */ = {isa = PBXBuildFile; productRef = B574AB332E89D06300D8AA58 /* Alamofire */; };
		B574AB372E89D06D00D8AA58 /* Kingfisher in Frameworks */ = {isa = PBXBuildFile; productRef = B574AB362E89D06D00D8AA58 /* Kingfisher */; };
		B574AB3A2E89D08100D8AA58 /* RxCocoa in Frameworks */ = {isa = PBXBuildFile; productRef = B574AB392E89D08100D8AA58 /* RxCocoa */; };
		B574AB3C2E89D08100D8AA58 /* RxSwift in Frameworks */ = {isa = PBXBuildFile; productRef = B574AB3B2E89D08100D8AA58 /* RxSwift */; };
		B574AE5A2E8E23AC00D8AA58 /* RealmSwift in Embed Frameworks */ = {isa = PBXBuildFile; productRef = B574AB2D2E89CF9500D8AA58 /* RealmSwift */; settings = {ATTRIBUTES = (CodeSignOnCopy, ); }; };
		B574AEE92E901F6F00D8AA58 /* IQKeyboardManagerSwift in Frameworks */ = {isa = PBXBuildFile; productRef = B574AEE82E901F6F00D8AA58 /* IQKeyboardManagerSwift */; };
/* End PBXBuildFile section */

/* Begin PBXCopyFilesBuildPhase section */
		B574AE5B2E8E23AC00D8AA58 /* Embed Frameworks */ = {
			isa = PBXCopyFilesBuildPhase;
			buildActionMask = 2147483647;
			dstPath = "";
			dstSubfolderSpec = 10;
			files = (
				B574AE5A2E8E23AC00D8AA58 /* RealmSwift in Embed Frameworks */,
			);
			name = "Embed Frameworks";
			runOnlyForDeploymentPostprocessing = 0;
		};
/* End PBXCopyFilesBuildPhase section */

/* Begin PBXFileReference section */
		B574A9412E89BBC400D8AA58 /* YoriBogo.app */ = {isa = PBXFileReference; explicitFileType = wrapper.application; includeInIndex = 0; path = YoriBogo.app; sourceTree = BUILT_PRODUCTS_DIR; };
		B574AB122E89CB3A00D8AA58 /* .gitignore */ = {isa = PBXFileReference; lastKnownFileType = text; path = .gitignore; sourceTree = "<group>"; };
/* End PBXFileReference section */

/* Begin PBXFileSystemSynchronizedBuildFileExceptionSet section */
		B574A9532E89BBC600D8AA58 /* Exceptions for "YoriBogo" folder in "YoriBogo" target */ = {
			isa = PBXFileSystemSynchronizedBuildFileExceptionSet;
			membershipExceptions = (
				Resources/Info.plist,
			);
			target = B574A9402E89BBC400D8AA58 /* YoriBogo */;
		};
/* End PBXFileSystemSynchronizedBuildFileExceptionSet section */

/* Begin PBXFileSystemSynchronizedRootGroup section */
		B574A9432E89BBC400D8AA58 /* YoriBogo */ = {
			isa = PBXFileSystemSynchronizedRootGroup;
			exceptions = (
				B574A9532E89BBC600D8AA58 /* Exceptions for "YoriBogo" folder in "YoriBogo" target */,
			);
			path = YoriBogo;
			sourceTree = "<group>";
		};
/* End PBXFileSystemSynchronizedRootGroup section */

/* Begin PBXFrameworksBuildPhase section */
		B574A93E2E89BBC400D8AA58 /* Frameworks */ = {
			isa = PBXFrameworksBuildPhase;
			buildActionMask = 2147483647;
			files = (
				B574AEE92E901F6F00D8AA58 /* IQKeyboardManagerSwift in Frameworks */,
				B574AB3C2E89D08100D8AA58 /* RxSwift in Frameworks */,
				B574AB372E89D06D00D8AA58 /* Kingfisher in Frameworks */,
				B574AB342E89D06300D8AA58 /* Alamofire in Frameworks */,
				B574AB3A2E89D08100D8AA58 /* RxCocoa in Frameworks */,
				B574AB2E2E89CF9500D8AA58 /* RealmSwift in Frameworks */,
				B51753FD2E92890900422EAE /* FirebaseCrashlytics in Frameworks */,
				B574AB312E89D05500D8AA58 /* SnapKit in Frameworks */,
				B537C2E92EA0039A006D23FB /* Toast in Frameworks */,
				B537C6682EAE4DB7006D23FB /* FirebaseMessaging in Frameworks */,
				B51753FB2E92890900422EAE /* FirebaseAnalyticsCore in Frameworks */,
			);
			runOnlyForDeploymentPostprocessing = 0;
		};
/* End PBXFrameworksBuildPhase section */

/* Begin PBXGroup section */
		B574A9382E89BBC400D8AA58 = {
			isa = PBXGroup;
			children = (
				B574AB122E89CB3A00D8AA58 /* .gitignore */,
				B574A9432E89BBC400D8AA58 /* YoriBogo */,
				B574A9422E89BBC400D8AA58 /* Products */,
			);
			sourceTree = "<group>";
		};
		B574A9422E89BBC400D8AA58 /* Products */ = {
			isa = PBXGroup;
			children = (
				B574A9412E89BBC400D8AA58 /* YoriBogo.app */,
			);
			name = Products;
			sourceTree = "<group>";
		};
/* End PBXGroup section */

/* Begin PBXNativeTarget section */
		B574A9402E89BBC400D8AA58 /* YoriBogo */ = {
			isa = PBXNativeTarget;
			buildConfigurationList = B574A9542E89BBC600D8AA58 /* Build configuration list for PBXNativeTarget "YoriBogo" */;
			buildPhases = (
				B574A93D2E89BBC400D8AA58 /* Sources */,
				B574A93E2E89BBC400D8AA58 /* Frameworks */,
				B574A93F2E89BBC400D8AA58 /* Resources */,
				B574AE5B2E8E23AC00D8AA58 /* Embed Frameworks */,
				B51753FE2E92AAB000422EAE /* ShellScript */,
			);
			buildRules = (
			);
			dependencies = (
			);
			fileSystemSynchronizedGroups = (
				B574A9432E89BBC400D8AA58 /* YoriBogo */,
			);
			name = YoriBogo;
			packageProductDependencies = (
				B574AB2D2E89CF9500D8AA58 /* RealmSwift */,
				B574AB302E89D05500D8AA58 /* SnapKit */,
				B574AB332E89D06300D8AA58 /* Alamofire */,
				B574AB362E89D06D00D8AA58 /* Kingfisher */,
				B574AB392E89D08100D8AA58 /* RxCocoa */,
				B574AB3B2E89D08100D8AA58 /* RxSwift */,
				B574AEE82E901F6F00D8AA58 /* IQKeyboardManagerSwift */,
				B51753FA2E92890900422EAE /* FirebaseAnalyticsCore */,
				B51753FC2E92890900422EAE /* FirebaseCrashlytics */,
				B537C2E82EA0039A006D23FB /* Toast */,
				B537C6672EAE4DB7006D23FB /* FirebaseMessaging */,
			);
			productName = YoriBogo;
			productReference = B574A9412E89BBC400D8AA58 /* YoriBogo.app */;
			productType = "com.apple.product-type.application";
		};
/* End PBXNativeTarget section */

/* Begin PBXProject section */
		B574A9392E89BBC400D8AA58 /* Project object */ = {
			isa = PBXProject;
			attributes = {
				BuildIndependentTargetsInParallel = 1;
				LastSwiftUpdateCheck = 1640;
				LastUpgradeCheck = 1640;
				TargetAttributes = {
					B574A9402E89BBC400D8AA58 = {
						CreatedOnToolsVersion = 16.4;
					};
				};
			};
			buildConfigurationList = B574A93C2E89BBC400D8AA58 /* Build configuration list for PBXProject "YoriBogo" */;
			developmentRegion = en;
			hasScannedForEncodings = 0;
			knownRegions = (
				en,
				Base,
			);
			mainGroup = B574A9382E89BBC400D8AA58;
			minimizedProjectReferenceProxies = 1;
			packageReferences = (
				B574AB2C2E89CF9500D8AA58 /* XCRemoteSwiftPackageReference "realm-swift" */,
				B574AB2F2E89D05500D8AA58 /* XCRemoteSwiftPackageReference "SnapKit" */,
				B574AB322E89D06300D8AA58 /* XCRemoteSwiftPackageReference "Alamofire" */,
				B574AB352E89D06D00D8AA58 /* XCRemoteSwiftPackageReference "Kingfisher" */,
				B574AB382E89D08100D8AA58 /* XCRemoteSwiftPackageReference "RxSwift" */,
				B574AEE72E901F6F00D8AA58 /* XCRemoteSwiftPackageReference "IQKeyboardManager" */,
				B51753F92E92890900422EAE /* XCRemoteSwiftPackageReference "firebase-ios-sdk" */,
				B537C2E72EA0039A006D23FB /* XCRemoteSwiftPackageReference "Toast-Swift" */,
			);
			preferredProjectObjectVersion = 77;
			productRefGroup = B574A9422E89BBC400D8AA58 /* Products */;
			projectDirPath = "";
			projectRoot = "";
			targets = (
				B574A9402E89BBC400D8AA58 /* YoriBogo */,
			);
		};
/* End PBXProject section */

/* Begin PBXResourcesBuildPhase section */
		B574A93F2E89BBC400D8AA58 /* Resources */ = {
			isa = PBXResourcesBuildPhase;
			buildActionMask = 2147483647;
			files = (
				B574AB132E89CB3A00D8AA58 /* .gitignore in Resources */,
			);
			runOnlyForDeploymentPostprocessing = 0;
		};
/* End PBXResourcesBuildPhase section */

/* Begin PBXShellScriptBuildPhase section */
		B51753FE2E92AAB000422EAE /* ShellScript */ = {
			isa = PBXShellScriptBuildPhase;
			buildActionMask = 2147483647;
			files = (
			);
			inputFileListPaths = (
			);
			inputPaths = (
				"${DWARF_DSYM_FOLDER_PATH}/${DWARF_DSYM_FILE_NAME}",
				"${DWARF_DSYM_FOLDER_PATH}/${DWARF_DSYM_FILE_NAME}/Contents/Resources/DWARF/${PRODUCT_NAME}",
				"${DWARF_DSYM_FOLDER_PATH}/${DWARF_DSYM_FILE_NAME}/Contents/Info.plist",
				"$(TARGET_BUILD_DIR)/$(UNLOCALIZED_RESOURCES_FOLDER_PATH)/GoogleService-Info.plist",
				"$(TARGET_BUILD_DIR)/$(EXECUTABLE_PATH)",
			);
			outputFileListPaths = (
			);
			outputPaths = (
			);
			runOnlyForDeploymentPostprocessing = 0;
			shellPath = /bin/sh;
			shellScript = "\"${BUILD_DIR%/Build/*}/SourcePackages/checkouts/firebase-ios-sdk/Crashlytics/run\"\n";
		};
/* End PBXShellScriptBuildPhase section */

/* Begin PBXSourcesBuildPhase section */
		B574A93D2E89BBC400D8AA58 /* Sources */ = {
			isa = PBXSourcesBuildPhase;
			buildActionMask = 2147483647;
			files = (
			);
			runOnlyForDeploymentPostprocessing = 0;
		};
/* End PBXSourcesBuildPhase section */

/* Begin XCBuildConfiguration section */
		B574A9552E89BBC600D8AA58 /* Debug */ = {
			isa = XCBuildConfiguration;
			baseConfigurationReferenceAnchor = B574A9432E89BBC400D8AA58 /* YoriBogo */;
			baseConfigurationReferenceRelativePath = Secrets/Secrets.xcconfig;
			buildSettings = {
				ASSETCATALOG_COMPILER_APPICON_NAME = AppIcon;
				ASSETCATALOG_COMPILER_GLOBAL_ACCENT_COLOR_NAME = AccentColor;
				CODE_SIGN_ENTITLEMENTS = YoriBogo/YoriBogo.entitlements;
				CODE_SIGN_STYLE = Automatic;
				CURRENT_PROJECT_VERSION = 1;
				DEBUG_INFORMATION_FORMAT = "dwarf-with-dsym";
				DEVELOPMENT_TEAM = VDAQLM4XLQ;
				GENERATE_INFOPLIST_FILE = YES;
				INFOPLIST_FILE = YoriBogo/Resources/Info.plist;
				INFOPLIST_KEY_CFBundleDisplayName = "요리보고";
				INFOPLIST_KEY_NSCameraUsageDescription = "레시피 사진을 촬영하기 위해 카메라 접근이 필요합니다.";
				INFOPLIST_KEY_UIApplicationSupportsIndirectInputEvents = YES;
				INFOPLIST_KEY_UILaunchStoryboardName = LaunchScreen;
				INFOPLIST_KEY_UIMainStoryboardFile = "";
				INFOPLIST_KEY_UISupportedInterfaceOrientations = UIInterfaceOrientationPortrait;
				INFOPLIST_KEY_UISupportedInterfaceOrientations_iPad = UIInterfaceOrientationPortrait;
				INFOPLIST_KEY_UIUserInterfaceStyle = Light;
				IPHONEOS_DEPLOYMENT_TARGET = 16.0;
				LD_RUNPATH_SEARCH_PATHS = (
					"$(inherited)",
					"@executable_path/Frameworks",
				);
				MARKETING_VERSION = 1.1.0;
				OTHER_LDFLAGS = "-ObjC";
				PRODUCT_BUNDLE_IDENTIFIER = com.Leo.YoriBogo;
				PRODUCT_NAME = "$(TARGET_NAME)";
				SUPPORTED_PLATFORMS = "iphoneos iphonesimulator";
				SUPPORTS_MACCATALYST = NO;
				SUPPORTS_MAC_DESIGNED_FOR_IPHONE_IPAD = NO;
				SUPPORTS_XR_DESIGNED_FOR_IPHONE_IPAD = NO;
				SWIFT_EMIT_LOC_STRINGS = YES;
				SWIFT_VERSION = 5.0;
				TARGETED_DEVICE_FAMILY = 1;
			};
			name = Debug;
		};
		B574A9562E89BBC600D8AA58 /* Release */ = {
			isa = XCBuildConfiguration;
			baseConfigurationReferenceAnchor = B574A9432E89BBC400D8AA58 /* YoriBogo */;
			baseConfigurationReferenceRelativePath = Secrets/Secrets.xcconfig;
			buildSettings = {
				ASSETCATALOG_COMPILER_APPICON_NAME = AppIcon;
				ASSETCATALOG_COMPILER_GLOBAL_ACCENT_COLOR_NAME = AccentColor;
				CODE_SIGN_ENTITLEMENTS = YoriBogo/YoriBogo.entitlements;
				CODE_SIGN_STYLE = Automatic;
				CURRENT_PROJECT_VERSION = 1;
				DEVELOPMENT_TEAM = VDAQLM4XLQ;
				GENERATE_INFOPLIST_FILE = YES;
				INFOPLIST_FILE = YoriBogo/Resources/Info.plist;
				INFOPLIST_KEY_CFBundleDisplayName = "요리보고";
				INFOPLIST_KEY_NSCameraUsageDescription = "레시피 사진을 촬영하기 위해 카메라 접근이 필요합니다.";
				INFOPLIST_KEY_UIApplicationSupportsIndirectInputEvents = YES;
				INFOPLIST_KEY_UILaunchStoryboardName = LaunchScreen;
				INFOPLIST_KEY_UIMainStoryboardFile = "";
				INFOPLIST_KEY_UISupportedInterfaceOrientations = UIInterfaceOrientationPortrait;
				INFOPLIST_KEY_UISupportedInterfaceOrientations_iPad = UIInterfaceOrientationPortrait;
				INFOPLIST_KEY_UIUserInterfaceStyle = Light;
				IPHONEOS_DEPLOYMENT_TARGET = 16.0;
				LD_RUNPATH_SEARCH_PATHS = (
					"$(inherited)",
					"@executable_path/Frameworks",
				);
				MARKETING_VERSION = 1.1.0;
				OTHER_LDFLAGS = "-ObjC";
				PRODUCT_BUNDLE_IDENTIFIER = com.Leo.YoriBogo;
				PRODUCT_NAME = "$(TARGET_NAME)";
				SUPPORTED_PLATFORMS = "iphoneos iphonesimulator";
				SUPPORTS_MACCATALYST = NO;
				SUPPORTS_MAC_DESIGNED_FOR_IPHONE_IPAD = NO;
				SUPPORTS_XR_DESIGNED_FOR_IPHONE_IPAD = NO;
				SWIFT_EMIT_LOC_STRINGS = YES;
				SWIFT_VERSION = 5.0;
				TARGETED_DEVICE_FAMILY = 1;
			};
			name = Release;
		};
		B574A9572E89BBC600D8AA58 /* Debug */ = {
			isa = XCBuildConfiguration;
			buildSettings = {
				ALWAYS_SEARCH_USER_PATHS = NO;
				ASSETCATALOG_COMPILER_GENERATE_SWIFT_ASSET_SYMBOL_EXTENSIONS = YES;
				CLANG_ANALYZER_NONNULL = YES;
				CLANG_ANALYZER_NUMBER_OBJECT_CONVERSION = YES_AGGRESSIVE;
				CLANG_CXX_LANGUAGE_STANDARD = "gnu++20";
				CLANG_ENABLE_MODULES = YES;
				CLANG_ENABLE_OBJC_ARC = YES;
				CLANG_ENABLE_OBJC_WEAK = YES;
				CLANG_WARN_BLOCK_CAPTURE_AUTORELEASING = YES;
				CLANG_WARN_BOOL_CONVERSION = YES;
				CLANG_WARN_COMMA = YES;
				CLANG_WARN_CONSTANT_CONVERSION = YES;
				CLANG_WARN_DEPRECATED_OBJC_IMPLEMENTATIONS = YES;
				CLANG_WARN_DIRECT_OBJC_ISA_USAGE = YES_ERROR;
				CLANG_WARN_DOCUMENTATION_COMMENTS = YES;
				CLANG_WARN_EMPTY_BODY = YES;
				CLANG_WARN_ENUM_CONVERSION = YES;
				CLANG_WARN_INFINITE_RECURSION = YES;
				CLANG_WARN_INT_CONVERSION = YES;
				CLANG_WARN_NON_LITERAL_NULL_CONVERSION = YES;
				CLANG_WARN_OBJC_IMPLICIT_RETAIN_SELF = YES;
				CLANG_WARN_OBJC_LITERAL_CONVERSION = YES;
				CLANG_WARN_OBJC_ROOT_CLASS = YES_ERROR;
				CLANG_WARN_QUOTED_INCLUDE_IN_FRAMEWORK_HEADER = YES;
				CLANG_WARN_RANGE_LOOP_ANALYSIS = YES;
				CLANG_WARN_STRICT_PROTOTYPES = YES;
				CLANG_WARN_SUSPICIOUS_MOVE = YES;
				CLANG_WARN_UNGUARDED_AVAILABILITY = YES_AGGRESSIVE;
				CLANG_WARN_UNREACHABLE_CODE = YES;
				CLANG_WARN__DUPLICATE_METHOD_MATCH = YES;
				COPY_PHASE_STRIP = NO;
				DEBUG_INFORMATION_FORMAT = dwarf;
				DEVELOPMENT_TEAM = VDAQLM4XLQ;
				ENABLE_STRICT_OBJC_MSGSEND = YES;
				ENABLE_TESTABILITY = YES;
				ENABLE_USER_SCRIPT_SANDBOXING = YES;
				GCC_C_LANGUAGE_STANDARD = gnu17;
				GCC_DYNAMIC_NO_PIC = NO;
				GCC_NO_COMMON_BLOCKS = YES;
				GCC_OPTIMIZATION_LEVEL = 0;
				GCC_PREPROCESSOR_DEFINITIONS = (
					"DEBUG=1",
					"$(inherited)",
				);
				GCC_WARN_64_TO_32_BIT_CONVERSION = YES;
				GCC_WARN_ABOUT_RETURN_TYPE = YES_ERROR;
				GCC_WARN_UNDECLARED_SELECTOR = YES;
				GCC_WARN_UNINITIALIZED_AUTOS = YES_AGGRESSIVE;
				GCC_WARN_UNUSED_FUNCTION = YES;
				GCC_WARN_UNUSED_VARIABLE = YES;
				IPHONEOS_DEPLOYMENT_TARGET = 18.5;
				LOCALIZATION_PREFERS_STRING_CATALOGS = YES;
				MTL_ENABLE_DEBUG_INFO = INCLUDE_SOURCE;
				MTL_FAST_MATH = YES;
				ONLY_ACTIVE_ARCH = YES;
				SDKROOT = iphoneos;
				SWIFT_ACTIVE_COMPILATION_CONDITIONS = "DEBUG $(inherited)";
				SWIFT_OPTIMIZATION_LEVEL = "-Onone";
			};
			name = Debug;
		};
		B574A9582E89BBC600D8AA58 /* Release */ = {
			isa = XCBuildConfiguration;
			buildSettings = {
				ALWAYS_SEARCH_USER_PATHS = NO;
				ASSETCATALOG_COMPILER_GENERATE_SWIFT_ASSET_SYMBOL_EXTENSIONS = YES;
				CLANG_ANALYZER_NONNULL = YES;
				CLANG_ANALYZER_NUMBER_OBJECT_CONVERSION = YES_AGGRESSIVE;
				CLANG_CXX_LANGUAGE_STANDARD = "gnu++20";
				CLANG_ENABLE_MODULES = YES;
				CLANG_ENABLE_OBJC_ARC = YES;
				CLANG_ENABLE_OBJC_WEAK = YES;
				CLANG_WARN_BLOCK_CAPTURE_AUTORELEASING = YES;
				CLANG_WARN_BOOL_CONVERSION = YES;
				CLANG_WARN_COMMA = YES;
				CLANG_WARN_CONSTANT_CONVERSION = YES;
				CLANG_WARN_DEPRECATED_OBJC_IMPLEMENTATIONS = YES;
				CLANG_WARN_DIRECT_OBJC_ISA_USAGE = YES_ERROR;
				CLANG_WARN_DOCUMENTATION_COMMENTS = YES;
				CLANG_WARN_EMPTY_BODY = YES;
				CLANG_WARN_ENUM_CONVERSION = YES;
				CLANG_WARN_INFINITE_RECURSION = YES;
				CLANG_WARN_INT_CONVERSION = YES;
				CLANG_WARN_NON_LITERAL_NULL_CONVERSION = YES;
				CLANG_WARN_OBJC_IMPLICIT_RETAIN_SELF = YES;
				CLANG_WARN_OBJC_LITERAL_CONVERSION = YES;
				CLANG_WARN_OBJC_ROOT_CLASS = YES_ERROR;
				CLANG_WARN_QUOTED_INCLUDE_IN_FRAMEWORK_HEADER = YES;
				CLANG_WARN_RANGE_LOOP_ANALYSIS = YES;
				CLANG_WARN_STRICT_PROTOTYPES = YES;
				CLANG_WARN_SUSPICIOUS_MOVE = YES;
				CLANG_WARN_UNGUARDED_AVAILABILITY = YES_AGGRESSIVE;
				CLANG_WARN_UNREACHABLE_CODE = YES;
				CLANG_WARN__DUPLICATE_METHOD_MATCH = YES;
				COPY_PHASE_STRIP = NO;
				DEBUG_INFORMATION_FORMAT = "dwarf-with-dsym";
				DEVELOPMENT_TEAM = VDAQLM4XLQ;
				ENABLE_NS_ASSERTIONS = NO;
				ENABLE_STRICT_OBJC_MSGSEND = YES;
				ENABLE_USER_SCRIPT_SANDBOXING = YES;
				GCC_C_LANGUAGE_STANDARD = gnu17;
				GCC_NO_COMMON_BLOCKS = YES;
				GCC_WARN_64_TO_32_BIT_CONVERSION = YES;
				GCC_WARN_ABOUT_RETURN_TYPE = YES_ERROR;
				GCC_WARN_UNDECLARED_SELECTOR = YES;
				GCC_WARN_UNINITIALIZED_AUTOS = YES_AGGRESSIVE;
				GCC_WARN_UNUSED_FUNCTION = YES;
				GCC_WARN_UNUSED_VARIABLE = YES;
				IPHONEOS_DEPLOYMENT_TARGET = 18.5;
				LOCALIZATION_PREFERS_STRING_CATALOGS = YES;
				MTL_ENABLE_DEBUG_INFO = NO;
				MTL_FAST_MATH = YES;
				SDKROOT = iphoneos;
				SWIFT_COMPILATION_MODE = wholemodule;
				VALIDATE_PRODUCT = YES;
			};
			name = Release;
		};
/* End XCBuildConfiguration section */

/* Begin XCConfigurationList section */
		B574A93C2E89BBC400D8AA58 /* Build configuration list for PBXProject "YoriBogo" */ = {
			isa = XCConfigurationList;
			buildConfigurations = (
				B574A9572E89BBC600D8AA58 /* Debug */,
				B574A9582E89BBC600D8AA58 /* Release */,
			);
			defaultConfigurationIsVisible = 0;
			defaultConfigurationName = Release;
		};
		B574A9542E89BBC600D8AA58 /* Build configuration list for PBXNativeTarget "YoriBogo" */ = {
			isa = XCConfigurationList;
			buildConfigurations = (
				B574A9552E89BBC600D8AA58 /* Debug */,
				B574A9562E89BBC600D8AA58 /* Release */,
			);
			defaultConfigurationIsVisible = 0;
			defaultConfigurationName = Release;
		};
/* End XCConfigurationList section */

/* Begin XCRemoteSwiftPackageReference section */
		B51753F92E92890900422EAE /* XCRemoteSwiftPackageReference "firebase-ios-sdk" */ = {
			isa = XCRemoteSwiftPackageReference;
			repositoryURL = "https://github.com/firebase/firebase-ios-sdk.git";
			requirement = {
				kind = upToNextMajorVersion;
				minimumVersion = 12.3.0;
			};
		};
		B537C2E72EA0039A006D23FB /* XCRemoteSwiftPackageReference "Toast-Swift" */ = {
			isa = XCRemoteSwiftPackageReference;
			repositoryURL = "https://github.com/scalessec/Toast-Swift.git";
			requirement = {
				kind = upToNextMajorVersion;
				minimumVersion = 5.1.1;
			};
		};
		B574AB2C2E89CF9500D8AA58 /* XCRemoteSwiftPackageReference "realm-swift" */ = {
			isa = XCRemoteSwiftPackageReference;
			repositoryURL = "https://github.com/realm/realm-swift.git";
			requirement = {
				kind = exactVersion;
				version = 20.0.3;
			};
		};
		B574AB2F2E89D05500D8AA58 /* XCRemoteSwiftPackageReference "SnapKit" */ = {
			isa = XCRemoteSwiftPackageReference;
			repositoryURL = "https://github.com/SnapKit/SnapKit.git";
			requirement = {
				kind = upToNextMajorVersion;
				minimumVersion = 5.7.1;
			};
		};
		B574AB322E89D06300D8AA58 /* XCRemoteSwiftPackageReference "Alamofire" */ = {
			isa = XCRemoteSwiftPackageReference;
			repositoryURL = "https://github.com/Alamofire/Alamofire.git";
			requirement = {
				kind = upToNextMajorVersion;
				minimumVersion = 5.10.2;
			};
		};
		B574AB352E89D06D00D8AA58 /* XCRemoteSwiftPackageReference "Kingfisher" */ = {
			isa = XCRemoteSwiftPackageReference;
			repositoryURL = "https://github.com/onevcat/Kingfisher.git";
			requirement = {
				kind = upToNextMajorVersion;
				minimumVersion = 8.5.0;
			};
		};
		B574AB382E89D08100D8AA58 /* XCRemoteSwiftPackageReference "RxSwift" */ = {
			isa = XCRemoteSwiftPackageReference;
			repositoryURL = "https://github.com/ReactiveX/RxSwift.git";
			requirement = {
				kind = upToNextMajorVersion;
				minimumVersion = 6.9.0;
			};
		};
		B574AEE72E901F6F00D8AA58 /* XCRemoteSwiftPackageReference "IQKeyboardManager" */ = {
			isa = XCRemoteSwiftPackageReference;
			repositoryURL = "https://github.com/hackiftekhar/IQKeyboardManager.git";
			requirement = {
				kind = upToNextMajorVersion;
				minimumVersion = 8.0.1;
			};
		};
/* End XCRemoteSwiftPackageReference section */

/* Begin XCSwiftPackageProductDependency section */
		B51753FA2E92890900422EAE /* FirebaseAnalyticsCore */ = {
			isa = XCSwiftPackageProductDependency;
			package = B51753F92E92890900422EAE /* XCRemoteSwiftPackageReference "firebase-ios-sdk" */;
			productName = FirebaseAnalyticsCore;
		};
		B51753FC2E92890900422EAE /* FirebaseCrashlytics */ = {
			isa = XCSwiftPackageProductDependency;
			package = B51753F92E92890900422EAE /* XCRemoteSwiftPackageReference "firebase-ios-sdk" */;
			productName = FirebaseCrashlytics;
		};
		B537C2E82EA0039A006D23FB /* Toast */ = {
			isa = XCSwiftPackageProductDependency;
			package = B537C2E72EA0039A006D23FB /* XCRemoteSwiftPackageReference "Toast-Swift" */;
			productName = Toast;
		};
		B537C6672EAE4DB7006D23FB /* FirebaseMessaging */ = {
			isa = XCSwiftPackageProductDependency;
			package = B51753F92E92890900422EAE /* XCRemoteSwiftPackageReference "firebase-ios-sdk" */;
			productName = FirebaseMessaging;
		};
		B574AB2D2E89CF9500D8AA58 /* RealmSwift */ = {
			isa = XCSwiftPackageProductDependency;
			package = B574AB2C2E89CF9500D8AA58 /* XCRemoteSwiftPackageReference "realm-swift" */;
			productName = RealmSwift;
		};
		B574AB302E89D05500D8AA58 /* SnapKit */ = {
			isa = XCSwiftPackageProductDependency;
			package = B574AB2F2E89D05500D8AA58 /* XCRemoteSwiftPackageReference "SnapKit" */;
			productName = SnapKit;
		};
		B574AB332E89D06300D8AA58 /* Alamofire */ = {
			isa = XCSwiftPackageProductDependency;
			package = B574AB322E89D06300D8AA58 /* XCRemoteSwiftPackageReference "Alamofire" */;
			productName = Alamofire;
		};
		B574AB362E89D06D00D8AA58 /* Kingfisher */ = {
			isa = XCSwiftPackageProductDependency;
			package = B574AB352E89D06D00D8AA58 /* XCRemoteSwiftPackageReference "Kingfisher" */;
			productName = Kingfisher;
		};
		B574AB392E89D08100D8AA58 /* RxCocoa */ = {
			isa = XCSwiftPackageProductDependency;
			package = B574AB382E89D08100D8AA58 /* XCRemoteSwiftPackageReference "RxSwift" */;
			productName = RxCocoa;
		};
		B574AB3B2E89D08100D8AA58 /* RxSwift */ = {
			isa = XCSwiftPackageProductDependency;
			package = B574AB382E89D08100D8AA58 /* XCRemoteSwiftPackageReference "RxSwift" */;
			productName = RxSwift;
		};
		B574AEE82E901F6F00D8AA58 /* IQKeyboardManagerSwift */ = {
			isa = XCSwiftPackageProductDependency;
			package = B574AEE72E901F6F00D8AA58 /* XCRemoteSwiftPackageReference "IQKeyboardManager" */;
			productName = IQKeyboardManagerSwift;
		};
/* End XCSwiftPackageProductDependency section */
	};
	rootObject = B574A9392E89BBC400D8AA58 /* Project object */;
}
